{
  "name": "named-mutex",
  "version": "1.0.0",
  "lockfileVersion": 1,
  "requires": true,
  "dependencies": {
    "fs-ext": {
      "version": "2.0.0",
      "resolved": "https://registry.npmjs.org/fs-ext/-/fs-ext-2.0.0.tgz",
      "integrity": "sha512-aK8NlpSO5LUdSoWeshpnkgtptbua1rGo58Wc+mHQ2+JnoBlubMTsnV56Swl4bA0msrgAhG8TDu1aGS8deJwzBQ==",
      "requires": {
        "nan": "^2.14.0"
      }
    },
    "nan": {
      "version": "2.14.1",
      "resolved": "https://registry.npmjs.org/nan/-/nan-2.14.1.tgz",
      "integrity": "sha512-isWHgVjnFjh2x2yuJ/tj3JbwoHu3UC2dX5G/88Cm24yB6YopVgxvBObDY7n5xW6ExmFhJpSEQqFPvq9zaXc8Jw=="
    },
    "poll": {
      "version": "1.0.1",
      "resolved": "https://registry.npmjs.org/poll/-/poll-1.0.1.tgz",
      "integrity": "sha512-pr4ceyxHUwuaVl13vj1gnnVa6z1LHp5/yof8uHf5oFZYwzd0s4cc7K1MR5tS0I4Mps1FJRARfrHyUkSfz9vV2A=="
    }
  }
}
